
Microsoft Visual Studio Solution File, Format Version 12.00
# Visual Studio Version 17
VisualStudioVersion = 17.5.002.0
MinimumVisualStudioVersion = 10.0.40219.1
Project("{9A19103F-16F7-4668-BE54-9A1E7A4F7556}") = "testing", "testing\testing.csproj", "{7B0FCEAD-51FA-448A-9584-52EA4F04369C}"
EndProject
Project("{2150E333-8FDC-42A3-9474-1A3956D46DE8}") = "csharp-prep", "csharp-prep", "{94D261E5-B4B3-4386-9C5B-5F68731D37C9}"
EndProject
Project("{9A19103F-16F7-4668-BE54-9A1E7A4F7556}") = "Prep1", "csharp-prep\Prep1\Prep1.csproj", "{194CCB48-D1D0-48A9-94A5-D8DEB213D87C}"
EndProject
Project("{9A19103F-16F7-4668-BE54-9A1E7A4F7556}") = "Prep2", "csharp-prep\Prep2\Prep2.csproj", "{2C14D65F-96BA-4AF3-8EDE-D5AF8A5B20DA}"
EndProject
Project("{9A19103F-16F7-4668-BE54-9A1E7A4F7556}") = "Prep3", "csharp-prep\Prep3\Prep3.csproj", "{C80852FE-C28D-41A7-B4FC-53A24F32DC97}"
EndProject
Project("{9A19103F-16F7-4668-BE54-9A1E7A4F7556}") = "Prep4", "csharp-prep\Prep4\Prep4.csproj", "{99BE43F1-6736-4EFB-94A8-801E89708E1B}"
EndProject
Project("{9A19103F-16F7-4668-BE54-9A1E7A4F7556}") = "Prep5", "csharp-prep\Prep5\Prep5.csproj", "{CFF8FA4F-DB83-4FC6-B379-4A5814FD07F5}"
EndProject
Project("{2150E333-8FDC-42A3-9474-1A3956D46DE8}") = "final", "final", "{63A13709-4CFA-4E45-9F76-11E1618294B3}"
EndProject
Project("{9A19103F-16F7-4668-BE54-9A1E7A4F7556}") = "FinalProject", "final\FinalProject\FinalProject.csproj", "{8E129C33-E771-4D1E-A2BC-1BF1BB3F2426}"
EndProject
Project("{9A19103F-16F7-4668-BE54-9A1E7A4F7556}") = "Foundation1", "final\Foundation1\Foundation1.csproj", "{D15F6F43-618C-4A85-B609-664423A56C8F}"
EndProject
Project("{9A19103F-16F7-4668-BE54-9A1E7A4F7556}") = "Foundation2", "final\Foundation2\Foundation2.csproj", "{64B00CA0-D858-4F71-8AEB-52D1982C8FC4}"
EndProject
Project("{9A19103F-16F7-4668-BE54-9A1E7A4F7556}") = "Foundation3", "final\Foundation3\Foundation3.csproj", "{782C6D68-C0DC-4EAA-9CA6-B7F2BDDB332F}"
EndProject
Project("{9A19103F-16F7-4668-BE54-9A1E7A4F7556}") = "Foundation4", "final\Foundation4\Foundation4.csproj", "{46F0461D-BCF9-4C07-884F-69301E9ACCF3}"
EndProject
Project("{2150E333-8FDC-42A3-9474-1A3956D46DE8}") = "prepare", "prepare", "{6E6062DD-715B-4AFF-9F9F-8716A5D35B1F}"
EndProject
Project("{9A19103F-16F7-4668-BE54-9A1E7A4F7556}") = "Learning02", "prepare\Learning02\Learning02.csproj", "{4A8167A2-BC3C-4AE6-8E30-E6CD8B105F9A}"
EndProject
Project("{9A19103F-16F7-4668-BE54-9A1E7A4F7556}") = "Learning03", "prepare\Learning03\Learning03.csproj", "{C7BE3C11-EA62-4613-9CF1-9575F3F2FE84}"
EndProject
Project("{9A19103F-16F7-4668-BE54-9A1E7A4F7556}") = "Learning04", "prepare\Learning04\Learning04.csproj", "{75439949-4EA3-41EB-94C3-3094B5DA1A6B}"
EndProject
Project("{9A19103F-16F7-4668-BE54-9A1E7A4F7556}") = "Learning05", "prepare\Learning05\Learning05.csproj", "{7798F9DF-2FB9-4201-872B-BA4956B9CC99}"
EndProject
Project("{2150E333-8FDC-42A3-9474-1A3956D46DE8}") = "prove", "prove", "{B331CFBF-0A7C-4D13-B23D-EA9D18158A15}"
EndProject
Project("{9A19103F-16F7-4668-BE54-9A1E7A4F7556}") = "Develop02", "prove\Develop02\Develop02.csproj", "{8E825BA6-2BE4-494E-A6C3-AA9AEC0B702E}"
EndProject
Project("{9A19103F-16F7-4668-BE54-9A1E7A4F7556}") = "Develop03", "prove\Develop03\Develop03.csproj", "{8C75B9EF-335F-437B-A83D-7409F11EAFAF}"
EndProject
Project("{9A19103F-16F7-4668-BE54-9A1E7A4F7556}") = "Develop04", "prove\Develop04\Develop04.csproj", "{3DBC9523-E0CF-4299-8E24-84180D31AD05}"
EndProject
Project("{9A19103F-16F7-4668-BE54-9A1E7A4F7556}") = "Develop05", "prove\Develop05\Develop05.csproj", "{B6BCE221-B80D-4E1A-9D29-63B5DED1B250}"
EndProject
Project("{2150E333-8FDC-42A3-9474-1A3956D46DE8}") = "sandbox", "sandbox", "{E5930D43-3E97-4A1B-98E5-55643A624604}"
EndProject
Project("{9A19103F-16F7-4668-BE54-9A1E7A4F7556}") = "Sandbox", "sandbox\Sandbox\Sandbox.csproj", "{7402EA0E-A5D7-400C-A515-C965DA9AD1C4}"
EndProject
Global
	GlobalSection(SolutionConfigurationPlatforms) = preSolution
		Debug|Any CPU = Debug|Any CPU
		Release|Any CPU = Release|Any CPU
	EndGlobalSection
	GlobalSection(ProjectConfigurationPlatforms) = postSolution
		{7B0FCEAD-51FA-448A-9584-52EA4F04369C}.Debug|Any CPU.ActiveCfg = Debug|Any CPU
		{7B0FCEAD-51FA-448A-9584-52EA4F04369C}.Debug|Any CPU.Build.0 = Debug|Any CPU
		{7B0FCEAD-51FA-448A-9584-52EA4F04369C}.Release|Any CPU.ActiveCfg = Release|Any CPU
		{7B0FCEAD-51FA-448A-9584-52EA4F04369C}.Release|Any CPU.Build.0 = Release|Any CPU
		{194CCB48-D1D0-48A9-94A5-D8DEB213D87C}.Debug|Any CPU.ActiveCfg = Debug|Any CPU
		{194CCB48-D1D0-48A9-94A5-D8DEB213D87C}.Debug|Any CPU.Build.0 = Debug|Any CPU
		{194CCB48-D1D0-48A9-94A5-D8DEB213D87C}.Release|Any CPU.ActiveCfg = Release|Any CPU
		{194CCB48-D1D0-48A9-94A5-D8DEB213D87C}.Release|Any CPU.Build.0 = Release|Any CPU
		{2C14D65F-96BA-4AF3-8EDE-D5AF8A5B20DA}.Debug|Any CPU.ActiveCfg = Debug|Any CPU
		{2C14D65F-96BA-4AF3-8EDE-D5AF8A5B20DA}.Debug|Any CPU.Build.0 = Debug|Any CPU
		{2C14D65F-96BA-4AF3-8EDE-D5AF8A5B20DA}.Release|Any CPU.ActiveCfg = Release|Any CPU
		{2C14D65F-96BA-4AF3-8EDE-D5AF8A5B20DA}.Release|Any CPU.Build.0 = Release|Any CPU
		{C80852FE-C28D-41A7-B4FC-53A24F32DC97}.Debug|Any CPU.ActiveCfg = Debug|Any CPU
		{C80852FE-C28D-41A7-B4FC-53A24F32DC97}.Debug|Any CPU.Build.0 = Debug|Any CPU
		{C80852FE-C28D-41A7-B4FC-53A24F32DC97}.Release|Any CPU.ActiveCfg = Release|Any CPU
		{C80852FE-C28D-41A7-B4FC-53A24F32DC97}.Release|Any CPU.Build.0 = Release|Any CPU
		{99BE43F1-6736-4EFB-94A8-801E89708E1B}.Debug|Any CPU.ActiveCfg = Debug|Any CPU
		{99BE43F1-6736-4EFB-94A8-801E89708E1B}.Debug|Any CPU.Build.0 = Debug|Any CPU
		{99BE43F1-6736-4EFB-94A8-801E89708E1B}.Release|Any CPU.ActiveCfg = Release|Any CPU
		{99BE43F1-6736-4EFB-94A8-801E89708E1B}.Release|Any CPU.Build.0 = Release|Any CPU
		{CFF8FA4F-DB83-4FC6-B379-4A5814FD07F5}.Debug|Any CPU.ActiveCfg = Debug|Any CPU
		{CFF8FA4F-DB83-4FC6-B379-4A5814FD07F5}.Debug|Any CPU.Build.0 = Debug|Any CPU
		{CFF8FA4F-DB83-4FC6-B379-4A5814FD07F5}.Release|Any CPU.ActiveCfg = Release|Any CPU
		{CFF8FA4F-DB83-4FC6-B379-4A5814FD07F5}.Release|Any CPU.Build.0 = Release|Any CPU
		{8E129C33-E771-4D1E-A2BC-1BF1BB3F2426}.Debug|Any CPU.ActiveCfg = Debug|Any CPU
		{8E129C33-E771-4D1E-A2BC-1BF1BB3F2426}.Debug|Any CPU.Build.0 = Debug|Any CPU
		{8E129C33-E771-4D1E-A2BC-1BF1BB3F2426}.Release|Any CPU.ActiveCfg = Release|Any CPU
		{8E129C33-E771-4D1E-A2BC-1BF1BB3F2426}.Release|Any CPU.Build.0 = Release|Any CPU
		{D15F6F43-618C-4A85-B609-664423A56C8F}.Debug|Any CPU.ActiveCfg = Debug|Any CPU
		{D15F6F43-618C-4A85-B609-664423A56C8F}.Debug|Any CPU.Build.0 = Debug|Any CPU
		{D15F6F43-618C-4A85-B609-664423A56C8F}.Release|Any CPU.ActiveCfg = Release|Any CPU
		{D15F6F43-618C-4A85-B609-664423A56C8F}.Release|Any CPU.Build.0 = Release|Any CPU
		{64B00CA0-D858-4F71-8AEB-52D1982C8FC4}.Debug|Any CPU.ActiveCfg = Debug|Any CPU
		{64B00CA0-D858-4F71-8AEB-52D1982C8FC4}.Debug|Any CPU.Build.0 = Debug|Any CPU
		{64B00CA0-D858-4F71-8AEB-52D1982C8FC4}.Release|Any CPU.ActiveCfg = Release|Any CPU
		{64B00CA0-D858-4F71-8AEB-52D1982C8FC4}.Release|Any CPU.Build.0 = Release|Any CPU
		{782C6D68-C0DC-4EAA-9CA6-B7F2BDDB332F}.Debug|Any CPU.ActiveCfg = Debug|Any CPU
		{782C6D68-C0DC-4EAA-9CA6-B7F2BDDB332F}.Debug|Any CPU.Build.0 = Debug|Any CPU
		{782C6D68-C0DC-4EAA-9CA6-B7F2BDDB332F}.Release|Any CPU.ActiveCfg = Release|Any CPU
		{782C6D68-C0DC-4EAA-9CA6-B7F2BDDB332F}.Release|Any CPU.Build.0 = Release|Any CPU
		{46F0461D-BCF9-4C07-884F-69301E9ACCF3}.Debug|Any CPU.ActiveCfg = Debug|Any CPU
		{46F0461D-BCF9-4C07-884F-69301E9ACCF3}.Debug|Any CPU.Build.0 = Debug|Any CPU
		{46F0461D-BCF9-4C07-884F-69301E9ACCF3}.Release|Any CPU.ActiveCfg = Release|Any CPU
		{46F0461D-BCF9-4C07-884F-69301E9ACCF3}.Release|Any CPU.Build.0 = Release|Any CPU
		{4A8167A2-BC3C-4AE6-8E30-E6CD8B105F9A}.Debug|Any CPU.ActiveCfg = Debug|Any CPU
		{4A8167A2-BC3C-4AE6-8E30-E6CD8B105F9A}.Debug|Any CPU.Build.0 = Debug|Any CPU
		{4A8167A2-BC3C-4AE6-8E30-E6CD8B105F9A}.Release|Any CPU.ActiveCfg = Release|Any CPU
		{4A8167A2-BC3C-4AE6-8E30-E6CD8B105F9A}.Release|Any CPU.Build.0 = Release|Any CPU
		{C7BE3C11-EA62-4613-9CF1-9575F3F2FE84}.Debug|Any CPU.ActiveCfg = Debug|Any CPU
		{C7BE3C11-EA62-4613-9CF1-9575F3F2FE84}.Debug|Any CPU.Build.0 = Debug|Any CPU
		{C7BE3C11-EA62-4613-9CF1-9575F3F2FE84}.Release|Any CPU.ActiveCfg = Release|Any CPU
		{C7BE3C11-EA62-4613-9CF1-9575F3F2FE84}.Release|Any CPU.Build.0 = Release|Any CPU
		{75439949-4EA3-41EB-94C3-3094B5DA1A6B}.Debug|Any CPU.ActiveCfg = Debug|Any CPU
		{75439949-4EA3-41EB-94C3-3094B5DA1A6B}.Debug|Any CPU.Build.0 = Debug|Any CPU
		{75439949-4EA3-41EB-94C3-3094B5DA1A6B}.Release|Any CPU.ActiveCfg = Release|Any CPU
		{75439949-4EA3-41EB-94C3-3094B5DA1A6B}.Release|Any CPU.Build.0 = Release|Any CPU
		{7798F9DF-2FB9-4201-872B-BA4956B9CC99}.Debug|Any CPU.ActiveCfg = Debug|Any CPU
		{7798F9DF-2FB9-4201-872B-BA4956B9CC99}.Debug|Any CPU.Build.0 = Debug|Any CPU
		{7798F9DF-2FB9-4201-872B-BA4956B9CC99}.Release|Any CPU.ActiveCfg = Release|Any CPU
		{7798F9DF-2FB9-4201-872B-BA4956B9CC99}.Release|Any CPU.Build.0 = Release|Any CPU
		{8E825BA6-2BE4-494E-A6C3-AA9AEC0B702E}.Debug|Any CPU.ActiveCfg = Debug|Any CPU
		{8E825BA6-2BE4-494E-A6C3-AA9AEC0B702E}.Debug|Any CPU.Build.0 = Debug|Any CPU
		{8E825BA6-2BE4-494E-A6C3-AA9AEC0B702E}.Release|Any CPU.ActiveCfg = Release|Any CPU
		{8E825BA6-2BE4-494E-A6C3-AA9AEC0B702E}.Release|Any CPU.Build.0 = Release|Any CPU
		{8C75B9EF-335F-437B-A83D-7409F11EAFAF}.Debug|Any CPU.ActiveCfg = Debug|Any CPU
		{8C75B9EF-335F-437B-A83D-7409F11EAFAF}.Debug|Any CPU.Build.0 = Debug|Any CPU
		{8C75B9EF-335F-437B-A83D-7409F11EAFAF}.Release|Any CPU.ActiveCfg = Release|Any CPU
		{8C75B9EF-335F-437B-A83D-7409F11EAFAF}.Release|Any CPU.Build.0 = Release|Any CPU
		{3DBC9523-E0CF-4299-8E24-84180D31AD05}.Debug|Any CPU.ActiveCfg = Debug|Any CPU
		{3DBC9523-E0CF-4299-8E24-84180D31AD05}.Debug|Any CPU.Build.0 = Debug|Any CPU
		{3DBC9523-E0CF-4299-8E24-84180D31AD05}.Release|Any CPU.ActiveCfg = Release|Any CPU
		{3DBC9523-E0CF-4299-8E24-84180D31AD05}.Release|Any CPU.Build.0 = Release|Any CPU
		{B6BCE221-B80D-4E1A-9D29-63B5DED1B250}.Debug|Any CPU.ActiveCfg = Debug|Any CPU
		{B6BCE221-B80D-4E1A-9D29-63B5DED1B250}.Debug|Any CPU.Build.0 = Debug|Any CPU
		{B6BCE221-B80D-4E1A-9D29-63B5DED1B250}.Release|Any CPU.ActiveCfg = Release|Any CPU
		{B6BCE221-B80D-4E1A-9D29-63B5DED1B250}.Release|Any CPU.Build.0 = Release|Any CPU
		{7402EA0E-A5D7-400C-A515-C965DA9AD1C4}.Debug|Any CPU.ActiveCfg = Debug|Any CPU
		{7402EA0E-A5D7-400C-A515-C965DA9AD1C4}.Debug|Any CPU.Build.0 = Debug|Any CPU
		{7402EA0E-A5D7-400C-A515-C965DA9AD1C4}.Release|Any CPU.ActiveCfg = Release|Any CPU
		{7402EA0E-A5D7-400C-A515-C965DA9AD1C4}.Release|Any CPU.Build.0 = Release|Any CPU
	EndGlobalSection
	GlobalSection(SolutionProperties) = preSolution
		HideSolutionNode = FALSE
	EndGlobalSection
	GlobalSection(NestedProjects) = preSolution
		{194CCB48-D1D0-48A9-94A5-D8DEB213D87C} = {94D261E5-B4B3-4386-9C5B-5F68731D37C9}
		{2C14D65F-96BA-4AF3-8EDE-D5AF8A5B20DA} = {94D261E5-B4B3-4386-9C5B-5F68731D37C9}
		{C80852FE-C28D-41A7-B4FC-53A24F32DC97} = {94D261E5-B4B3-4386-9C5B-5F68731D37C9}
		{99BE43F1-6736-4EFB-94A8-801E89708E1B} = {94D261E5-B4B3-4386-9C5B-5F68731D37C9}
		{CFF8FA4F-DB83-4FC6-B379-4A5814FD07F5} = {94D261E5-B4B3-4386-9C5B-5F68731D37C9}
		{8E129C33-E771-4D1E-A2BC-1BF1BB3F2426} = {63A13709-4CFA-4E45-9F76-11E1618294B3}
		{D15F6F43-618C-4A85-B609-664423A56C8F} = {63A13709-4CFA-4E45-9F76-11E1618294B3}
		{64B00CA0-D858-4F71-8AEB-52D1982C8FC4} = {63A13709-4CFA-4E45-9F76-11E1618294B3}
		{782C6D68-C0DC-4EAA-9CA6-B7F2BDDB332F} = {63A13709-4CFA-4E45-9F76-11E1618294B3}
		{46F0461D-BCF9-4C07-884F-69301E9ACCF3} = {63A13709-4CFA-4E45-9F76-11E1618294B3}
		{4A8167A2-BC3C-4AE6-8E30-E6CD8B105F9A} = {6E6062DD-715B-4AFF-9F9F-8716A5D35B1F}
		{C7BE3C11-EA62-4613-9CF1-9575F3F2FE84} = {6E6062DD-715B-4AFF-9F9F-8716A5D35B1F}
		{75439949-4EA3-41EB-94C3-3094B5DA1A6B} = {6E6062DD-715B-4AFF-9F9F-8716A5D35B1F}
		{7798F9DF-2FB9-4201-872B-BA4956B9CC99} = {6E6062DD-715B-4AFF-9F9F-8716A5D35B1F}
		{8E825BA6-2BE4-494E-A6C3-AA9AEC0B702E} = {B331CFBF-0A7C-4D13-B23D-EA9D18158A15}
		{8C75B9EF-335F-437B-A83D-7409F11EAFAF} = {B331CFBF-0A7C-4D13-B23D-EA9D18158A15}
		{3DBC9523-E0CF-4299-8E24-84180D31AD05} = {B331CFBF-0A7C-4D13-B23D-EA9D18158A15}
		{B6BCE221-B80D-4E1A-9D29-63B5DED1B250} = {B331CFBF-0A7C-4D13-B23D-EA9D18158A15}
		{7402EA0E-A5D7-400C-A515-C965DA9AD1C4} = {E5930D43-3E97-4A1B-98E5-55643A624604}
	EndGlobalSection
	GlobalSection(ExtensibilityGlobals) = postSolution
		SolutionGuid = {F91913CA-5F5E-4D39-BC83-2231F7A3EF38}
	EndGlobalSection
EndGlobal
